
Microsoft Visual Studio Solution File, Format Version 12.00
# Visual Studio 15
VisualStudioVersion = 15.0.27703.2018
MinimumVisualStudioVersion = 10.0.40219.1
Project("{FAE04EC0-301F-11D3-BF4B-00C04F79EFBC}") = "WindowsFormsApp3", "WindowsFormsApp3\WindowsFormsApp3.csproj", "{368109F4-6345-4B5A-824B-F5C7343A238A}"
EndProject
Global
	GlobalSection(SolutionConfigurationPlatforms) = preSolution
		Debug|Any CPU = Debug|Any CPU
		Release|Any CPU = Release|Any CPU
	EndGlobalSection
	GlobalSection(ProjectConfigurationPlatforms) = postSolution
		{368109F4-6345-4B5A-824B-F5C7343A238A}.Debug|Any CPU.ActiveCfg = Debug|Any CPU
		{368109F4-6345-4B5A-824B-F5C7343A238A}.Debug|Any CPU.Build.0 = Debug|Any CPU
		{368109F4-6345-4B5A-824B-F5C7343A238A}.Release|Any CPU.ActiveCfg = Release|Any CPU
		{368109F4-6345-4B5A-824B-F5C7343A238A}.Release|Any CPU.Build.0 = Release|Any CPU
	EndGlobalSection
	GlobalSection(SolutionProperties) = preSolution
		HideSolutionNode = FALSE
	EndGlobalSection
	GlobalSection(ExtensibilityGlobals) = postSolution
		SolutionGuid = {0B5E3126-7BAD-45D9-A414-A5FC9E2DD6A4}
	EndGlobalSection
EndGlobal
